
Microsoft Visual Studio Solution File, Format Version 12.00
# Visual Studio Version 16
VisualStudioVersion = 16.0.32002.261
MinimumVisualStudioVersion = 10.0.40219.1
Project("{FAE04EC0-301F-11D3-BF4B-00C04F79EFBC}") = "WebApplication", "WebApplication\WebApplication.csproj", "{7683B04A-CF2C-4297-A73A-38C6430D95F6}"
EndProject
Global
	GlobalSection(SolutionConfigurationPlatforms) = preSolution
		Debug|Any CPU = Debug|Any CPU
		Release|Any CPU = Release|Any CPU
	EndGlobalSection
	GlobalSection(ProjectConfigurationPlatforms) = postSolution
		{7683B04A-CF2C-4297-A73A-38C6430D95F6}.Debug|Any CPU.ActiveCfg = Debug|Any CPU
		{7683B04A-CF2C-4297-A73A-38C6430D95F6}.Debug|Any CPU.Build.0 = Debug|Any CPU
		{7683B04A-CF2C-4297-A73A-38C6430D95F6}.Release|Any CPU.ActiveCfg = Release|Any CPU
		{7683B04A-CF2C-4297-A73A-38C6430D95F6}.Release|Any CPU.Build.0 = Release|Any CPU
	EndGlobalSection
	GlobalSection(SolutionProperties) = preSolution
		HideSolutionNode = FALSE
	EndGlobalSection
	GlobalSection(ExtensibilityGlobals) = postSolution
		SolutionGuid = {5920AC37-8759-4632-BB48-782B11879119}
	EndGlobalSection
EndGlobal
